
Microsoft Visual Studio Solution File, Format Version 12.00
# Visual Studio Version 16
VisualStudioVersion = 16.0.30503.244
MinimumVisualStudioVersion = 10.0.40219.1
Project("{FAE04EC0-301F-11D3-BF4B-00C04F79EFBC}") = "cvekŠpraljaJakovZadatakZaPraznike1", "cvekŠpraljaJakovZadatakZaPraznike1\cvekŠpraljaJakovZadatakZaPraznike1.csproj", "{B8433321-182B-485B-890C-4804E06F753E}"
EndProject
Global
	GlobalSection(SolutionConfigurationPlatforms) = preSolution
		Debug|Any CPU = Debug|Any CPU
		Release|Any CPU = Release|Any CPU
	EndGlobalSection
	GlobalSection(ProjectConfigurationPlatforms) = postSolution
		{B8433321-182B-485B-890C-4804E06F753E}.Debug|Any CPU.ActiveCfg = Debug|Any CPU
		{B8433321-182B-485B-890C-4804E06F753E}.Debug|Any CPU.Build.0 = Debug|Any CPU
		{B8433321-182B-485B-890C-4804E06F753E}.Release|Any CPU.ActiveCfg = Release|Any CPU
		{B8433321-182B-485B-890C-4804E06F753E}.Release|Any CPU.Build.0 = Release|Any CPU
	EndGlobalSection
	GlobalSection(SolutionProperties) = preSolution
		HideSolutionNode = FALSE
	EndGlobalSection
	GlobalSection(ExtensibilityGlobals) = postSolution
		SolutionGuid = {32093A47-3D0D-416D-95D8-CC455F4FF4DC}
	EndGlobalSection
EndGlobal
